<?xml version="1.0" encoding="utf-8"?>
<Project ToolsVersion="4.0" xmlns="http://schemas.microsoft.com/developer/msbuild/2003">
  <ItemGroup>
    <Filter Include="Source Files">
      <UniqueIdentifier>{4FC737F1-C7A5-4376-A066-2A32D752A2FF}</UniqueIdentifier>
      <Extensions>cpp;c;cc;cxx;c++;cppm;ixx;def;odl;idl;hpj;bat;asm;asmx</Extensions>
    </Filter>
    <Filter Include="Header Files">
      <UniqueIdentifier>{93995380-89BD-4b04-88EB-625FBE52EBFB}</UniqueIdentifier>
      <Extensions>h;hh;hpp;hxx;h++;hm;inl;inc;ipp;xsd</Extensions>
    </Filter>
    <Filter Include="Resource Files">
      <UniqueIdentifier>{67DA6AB6-F800-4c08-8B7A-83BB121AAD01}</UniqueIdentifier>
      <Extensions>rc;ico;cur;bmp;dlg;rc2;rct;bin;rgs;gif;jpg;jpeg;jpe;resx;tiff;tif;png;wav;mfcribbon-ms</Extensions>
    </Filter>
    <Filter Include="Resource Files\model">
      <UniqueIdentifier>{84be7f0c-556f-4ebe-8844-5132c6ebabc7}</UniqueIdentifier>
    </Filter>
    <Filter Include="Source Files\shaders">
      <UniqueIdentifier>{7b4aff5b-6d49-4ff5-b1e7-2762dbef3bad}</UniqueIdentifier>
    </Filter>
  </ItemGroup>
  <ItemGroup>
    <ClCompile Include="main.cpp">
      <Filter>Source Files</Filter>
    </ClCompile>
    <ClCompile Include="Camera.cpp">
      <Filter>Source Files</Filter>
    </ClCompile>
    <ClCompile Include="Matrix.cpp">
      <Filter>Source Files</Filter>
    </ClCompile>
    <ClCompile Include="3rd\glad\src\glad.c">
      <Filter>Source Files</Filter>
    </ClCompile>
    <ClCompile Include="Kaczka.cpp">
      <Filter>Source Files</Filter>
    </ClCompile>
    <ClCompile Include="Plane.cpp">
      <Filter>Source Files</Filter>
    </ClCompile>
  </ItemGroup>
  <ItemGroup>
    <ClInclude Include="shader.h">
      <Filter>Header Files</Filter>
    </ClInclude>
    <ClInclude Include="ShaderProgram.h">
      <Filter>Header Files</Filter>
    </ClInclude>
    <ClInclude Include="Camera.h">
      <Filter>Header Files</Filter>
    </ClInclude>
    <ClInclude Include="Matrix.h">
      <Filter>Header Files</Filter>
    </ClInclude>
    <ClInclude Include="Kaczka.h">
      <Filter>Header Files</Filter>
    </ClInclude>
    <ClInclude Include="Plane.h">
      <Filter>Header Files</Filter>
    </ClInclude>
    <ClInclude Include="PathMaker.h">
      <Filter>Header Files</Filter>
    </ClInclude>
    <ClInclude Include="WaterDisturber.h">
      <Filter>Header Files</Filter>
    </ClInclude>
  </ItemGroup>
  <ItemGroup>
    <None Include="basic.vert">
      <Filter>Source Files\shaders</Filter>
    </None>
    <None Include="basic.frag">
      <Filter>Source Files\shaders</Filter>
    </None>
    <None Include="kaczka.frag">
      <Filter>Source Files\shaders</Filter>
    </None>
    <None Include="kaczka.vert">
      <Filter>Source Files\shaders</Filter>
    </None>
    <None Include="water.frag">
      <Filter>Source Files\shaders</Filter>
    </None>
    <None Include="water.vert">
      <Filter>Source Files\shaders</Filter>
    </None>
    <None Include="phong.frag">
      <Filter>Source Files\shaders</Filter>
    </None>
    <None Include="phong.vert">
      <Filter>Source Files\shaders</Filter>
    </None>
  </ItemGroup>
  <ItemGroup>
    <Text Include="model\mesh1.txt">
      <Filter>Resource Files\model</Filter>
    </Text>
    <Text Include="model\mesh2.txt">
      <Filter>Resource Files\model</Filter>
    </Text>
    <Text Include="model\mesh3.txt">
      <Filter>Resource Files\model</Filter>
    </Text>
    <Text Include="model\mesh4.txt">
      <Filter>Resource Files\model</Filter>
    </Text>
    <Text Include="model\mesh5.txt">
      <Filter>Resource Files\model</Filter>
    </Text>
    <Text Include="model\mesh6.txt">
      <Filter>Resource Files\model</Filter>
    </Text>
    <Text Include="model\duck.txt">
      <Filter>Resource Files\model</Filter>
    </Text>
  </ItemGroup>
  <ItemGroup>
    <Image Include="model\ducktex.jpg">
      <Filter>Resource Files\model</Filter>
    </Image>
    <Image Include="model\normal2.png">
      <Filter>Resource Files\model</Filter>
    </Image>
  </ItemGroup>
</Project>